<?xml version="1.0" encoding="utf-8"?>
<Project ToolsVersion="4.0" xmlns="http://schemas.microsoft.com/developer/msbuild/2003">
  <ItemGroup>
    <Filter Include="헤더 파일">
      <UniqueIdentifier>{93995380-89BD-4b04-88EB-625FBE52EBFB}</UniqueIdentifier>
      <Extensions>h;hh;hpp;hxx;h++;hm;inl;inc;ipp;xsd</Extensions>
    </Filter>
    <Filter Include="리소스 파일">
      <UniqueIdentifier>{67DA6AB6-F800-4c08-8B7A-83BB121AAD01}</UniqueIdentifier>
      <Extensions>rc;ico;cur;bmp;dlg;rc2;rct;bin;rgs;gif;jpg;jpeg;jpe;resx;tiff;tif;png;wav;mfcribbon-ms</Extensions>
    </Filter>
    <Filter Include="소스 파일">
      <UniqueIdentifier>{9d8933dd-9c1e-4137-bc2c-cf0bced192a0}</UniqueIdentifier>
    </Filter>
  </ItemGroup>
  <ItemGroup>
    <ClCompile Include="FinishGame.cpp">
      <Filter>소스 파일</Filter>
    </ClCompile>
    <ClCompile Include="Game.cpp">
      <Filter>소스 파일</Filter>
    </ClCompile>
    <ClCompile Include="GameClear.cpp">
      <Filter>소스 파일</Filter>
    </ClCompile>
    <ClCompile Include="GameEnding.cpp">
      <Filter>소스 파일</Filter>
    </ClCompile>
    <ClCompile Include="GameESC.cpp">
      <Filter>소스 파일</Filter>
    </ClCompile>
    <ClCompile Include="GameIntro.cpp">
      <Filter>소스 파일</Filter>
    </ClCompile>
    <ClCompile Include="GameManual.cpp">
      <Filter>소스 파일</Filter>
    </ClCompile>
    <ClCompile Include="GameOver.cpp">
      <Filter>소스 파일</Filter>
    </ClCompile>
    <ClCompile Include="main.cpp">
      <Filter>소스 파일</Filter>
    </ClCompile>
    <ClCompile Include="Map1.cpp">
      <Filter>소스 파일</Filter>
    </ClCompile>
    <ClCompile Include="Map2.cpp">
      <Filter>소스 파일</Filter>
    </ClCompile>
    <ClCompile Include="Map3.cpp">
      <Filter>소스 파일</Filter>
    </ClCompile>
    <ClCompile Include="Map4.cpp">
      <Filter>소스 파일</Filter>
    </ClCompile>
    <ClCompile Include="Pet.cpp">
      <Filter>소스 파일</Filter>
    </ClCompile>
    <ClCompile Include="Box.cpp">
      <Filter>소스 파일</Filter>
    </ClCompile>
    <ClCompile Include="Button.cpp">
      <Filter>소스 파일</Filter>
    </ClCompile>
    <ClCompile Include="Cat.cpp">
      <Filter>소스 파일</Filter>
    </ClCompile>
    <ClCompile Include="Dog.cpp">
      <Filter>소스 파일</Filter>
    </ClCompile>
    <ClCompile Include="FadeFloor.cpp">
      <Filter>소스 파일</Filter>
    </ClCompile>
    <ClCompile Include="LiquidWall.cpp">
      <Filter>소스 파일</Filter>
    </ClCompile>
    <ClCompile Include="Stage.cpp">
      <Filter>소스 파일</Filter>
    </ClCompile>
    <ClCompile Include="Cushion.cpp">
      <Filter>소스 파일</Filter>
    </ClCompile>
    <ClCompile Include="Choco.cpp">
      <Filter>소스 파일</Filter>
    </ClCompile>
    <ClCompile Include="Milk.cpp">
      <Filter>소스 파일</Filter>
    </ClCompile>
    <ClCompile Include="Water.cpp">
      <Filter>소스 파일</Filter>
    </ClCompile>
    <ClCompile Include="Key.cpp">
      <Filter>소스 파일</Filter>
    </ClCompile>
    <ClCompile Include="misile.cpp">
      <Filter>소스 파일</Filter>
    </ClCompile>
    <ClCompile Include="Seesaw.cpp">
      <Filter>소스 파일</Filter>
    </ClCompile>
    <ClCompile Include="seesawTest.cpp">
      <Filter>소스 파일</Filter>
    </ClCompile>
    <ClCompile Include="ClimbWall.cpp">
      <Filter>소스 파일</Filter>
    </ClCompile>
    <ClCompile Include="Terrain.cpp">
      <Filter>소스 파일</Filter>
    </ClCompile>
  </ItemGroup>
  <ItemGroup>
    <ClInclude Include="FinishGame.h">
      <Filter>소스 파일</Filter>
    </ClInclude>
    <ClInclude Include="Game.h">
      <Filter>소스 파일</Filter>
    </ClInclude>
    <ClInclude Include="GameEnding.h">
      <Filter>소스 파일</Filter>
    </ClInclude>
    <ClInclude Include="GameESC.h">
      <Filter>소스 파일</Filter>
    </ClInclude>
    <ClInclude Include="GameIntro.h">
      <Filter>소스 파일</Filter>
    </ClInclude>
    <ClInclude Include="GameManual.h">
      <Filter>소스 파일</Filter>
    </ClInclude>
    <ClInclude Include="Pet.h">
      <Filter>소스 파일</Filter>
    </ClInclude>
    <ClInclude Include="Box.h">
      <Filter>소스 파일</Filter>
    </ClInclude>
    <ClInclude Include="Button.h">
      <Filter>소스 파일</Filter>
    </ClInclude>
    <ClInclude Include="Cat.h">
      <Filter>소스 파일</Filter>
    </ClInclude>
    <ClInclude Include="Dog.h">
      <Filter>소스 파일</Filter>
    </ClInclude>
    <ClInclude Include="FadeFloor.h">
      <Filter>소스 파일</Filter>
    </ClInclude>
    <ClInclude Include="LiquidWall.h">
      <Filter>소스 파일</Filter>
    </ClInclude>
    <ClInclude Include="Stage.h">
      <Filter>소스 파일</Filter>
    </ClInclude>
    <ClInclude Include="Cushion.h">
      <Filter>소스 파일</Filter>
    </ClInclude>
    <ClInclude Include="Terrain.h">
      <Filter>소스 파일</Filter>
    </ClInclude>
  </ItemGroup>
</Project>